
Microsoft Visual Studio Solution File, Format Version 12.00
# Visual Studio Version 17
VisualStudioVersion = 17.0.31919.166
MinimumVisualStudioVersion = 10.0.40219.1
Project("{FAE04EC0-301F-11D3-BF4B-00C04F79EFBC}") = "Questionario", "Questionario\Questionario.csproj", "{43FDE8F9-4537-4BE1-B112-899AAC911C22}"
EndProject
Global
	GlobalSection(SolutionConfigurationPlatforms) = preSolution
		Debug|Any CPU = Debug|Any CPU
		Release|Any CPU = Release|Any CPU
	EndGlobalSection
	GlobalSection(ProjectConfigurationPlatforms) = postSolution
		{43FDE8F9-4537-4BE1-B112-899AAC911C22}.Debug|Any CPU.ActiveCfg = Debug|Any CPU
		{43FDE8F9-4537-4BE1-B112-899AAC911C22}.Debug|Any CPU.Build.0 = Debug|Any CPU
		{43FDE8F9-4537-4BE1-B112-899AAC911C22}.Release|Any CPU.ActiveCfg = Release|Any CPU
		{43FDE8F9-4537-4BE1-B112-899AAC911C22}.Release|Any CPU.Build.0 = Release|Any CPU
	EndGlobalSection
	GlobalSection(SolutionProperties) = preSolution
		HideSolutionNode = FALSE
	EndGlobalSection
	GlobalSection(ExtensibilityGlobals) = postSolution
		SolutionGuid = {A5ADAB8F-D6EE-4095-BFD1-36813EB3CC4A}
	EndGlobalSection
EndGlobal
